"Periferija",	"1",	"127,206,118,102,200,125,233,161,190,194,95,220,243,231,163,109,151,175,148,208,93,106,157,197,203,138,199,114,226,211,153,137,101,204,241,165,198,139,129,186,110,147,228,236,218,168,202,135,184,112,172,191,145,178,224,140,187,223,124,104,131,181,234,121,212,154,96,126,238,159,160,176,209,98,216,117,195,170,227,193,119,180,99,244,179,162,240,182,230,108,115,92,103,201,232,113,152,189,225,207,142,91,167,107,174,214,133,149,123,221,210,97,173,229,237,188,166,116,136,141,144,100,222,128,120,156,134,192,215,177,150,130,155,217,239,122,143,158,205,219,235,105,185,94,183,213,146,111,132,164,169,196,171,242"
"Serverji (12)",	"1",	"90,84,89,78,81,86,82,79,80,87,88,83,85"
"Orodja (17)",	"1",	"424,413,429,427,418,420,426,428,430,414,415,423,419,422,417,416,421,425"
"Računalniki",	"1",	"71,44,55,57,65,58,60,73,76,62,67,69,49,47,37,43,63,72,74,61,48,77,50,39,64,41,52,56,45,66,54,70,68,75,40,59,53,42,46,51,38"
	"Terminali (10)",	"1",	"44,37,43,39,41,45,40,42,46,38"
"Pohištvo",	"1",	"384,398,386,331,358,407,366,376,329,368,400,395,343,347,397,349,325,378,350,374,337,382,321,409,340,371,346,389,327,401,320,333,339,323,361,345,348,319,404,412,385,344,352,364,388,355,369,326,367,335,357,372,391,336,324,383,351,410,334,359,377,379,330,342,341,394,360,406,396,393,405,365,370,322,402,353,375,338,380,403,381,392,373,387,328,363,354,318,399,332,390,356,408,362,317,411"
"Elektronika",	"1",	"276,272,298,259,316,313,287,294,292,275,261,291,284,311,247,289,280,273,268,249,285,282,314,307,262,251,253,279,256,270,288,264,255,297,246,299,277,295,266,263,290,304,258,312,302,260,293,274,306,309,315,300,252,286,310,283,303,250,305,308,254,278,271,245,267,281,269,257,301,248,296,265"
"Monitorji",	"1",	"32,18,16,27,20,31,35,11,29,15,2,17,14,24,23,8,5,33,21,7,26,10,12,19,1,30,25,28,22,13,6,3,36,9,4,34"
	"LCD",	"1",	"32,27,31,35,29,24,23,33,26,30,25,28,36,34"
		"Samsung (8)",	"1",	"32,31,35,29,33,30,36,34"
		"Compaq (0)",	"1",	"27,24,23,26,25,28"
	"CRT",	"1",	"18,16,20,11,15,2,17,14,8,5,21,7,10,12,19,1,22,13,6,3,9,4"
